
Microsoft Visual Studio Solution File, Format Version 12.00
# Visual Studio Version 17
VisualStudioVersion = 17.4.33213.308
MinimumVisualStudioVersion = 10.0.40219.1
Project("{2150E333-8FDC-42A3-9474-1A3956D46DE8}") = "Core", "Core", "{E50F21F4-2725-4A96-BFC8-39C47F8CFC05}"
EndProject
Project("{FAE04EC0-301F-11D3-BF4B-00C04F79EFBC}") = "PainKiller.PowerCommands.ReadLine", "BasicTutorial\Core\PainKiller.PowerCommands.ReadLine\PainKiller.PowerCommands.ReadLine.csproj", "{8F948C25-0A3B-494C-BCB3-FAE9C3D9FCCA}"
EndProject
Project("{FAE04EC0-301F-11D3-BF4B-00C04F79EFBC}") = "PainKiller.PowerCommands.Configuration", "BasicTutorial\Core\PainKiller.PowerCommands.Configuration\PainKiller.PowerCommands.Configuration.csproj", "{39CE3A07-AB52-4279-BA66-6D3218CFAED2}"
EndProject
Project("{FAE04EC0-301F-11D3-BF4B-00C04F79EFBC}") = "PainKiller.PowerCommands.Core", "BasicTutorial\Core\PainKiller.PowerCommands.Core\PainKiller.PowerCommands.Core.csproj", "{EFD2325E-F833-4D76-B02E-8A59C8BD140A}"
EndProject
Project("{FAE04EC0-301F-11D3-BF4B-00C04F79EFBC}") = "PainKiller.PowerCommands.Security", "BasicTutorial\Core\PainKiller.PowerCommands.Security\PainKiller.PowerCommands.Security.csproj", "{206FECB3-A96B-4530-9E37-E3F5553AE336}"
EndProject
Project("{FAE04EC0-301F-11D3-BF4B-00C04F79EFBC}") = "PainKiller.PowerCommands.Shared", "BasicTutorial\Core\PainKiller.PowerCommands.Shared\PainKiller.PowerCommands.Shared.csproj", "{FC02338C-42C0-4AB9-AE58-C395C2E27891}"
EndProject
Project("{2150E333-8FDC-42A3-9474-1A3956D46DE8}") = "Third party components", "Third party components", "{152BD570-2CFB-49F2-B7A8-8B70E867D632}"
EndProject
Project("{FAE04EC0-301F-11D3-BF4B-00C04F79EFBC}") = "PainKiller.SerilogExtensions", "BasicTutorial\Third party components\PainKiller.SerilogExtensions\PainKiller.SerilogExtensions.csproj", "{16602C59-C6D7-42E2-995E-D605B83F73DD}"
EndProject
Project("{FAE04EC0-301F-11D3-BF4B-00C04F79EFBC}") = "PainKiller.PowerCommands.Bootstrap", "BasicTutorial\PainKiller.PowerCommands.Bootstrap\PainKiller.PowerCommands.Bootstrap.csproj", "{BC6A7037-B2BA-4DE3-AF1A-8FA43FFAD2F3}"
EndProject
Project("{FAE04EC0-301F-11D3-BF4B-00C04F79EFBC}") = "PainKiller.PowerCommands.BasicTutorialCommands", "BasicTutorial\PainKiller.PowerCommands.BasicTutorialCommands\PainKiller.PowerCommands.BasicTutorialCommands.csproj", "{9F780402-C130-42DF-9BEC-3312D917061E}"
EndProject
Project("{FAE04EC0-301F-11D3-BF4B-00C04F79EFBC}") = "PainKiller.PowerCommands.PowerCommandsConsole", "BasicTutorial\PainKiller.PowerCommands.PowerCommandsConsole\PainKiller.PowerCommands.PowerCommandsConsole.csproj", "{661F4F78-6728-4EBE-93D4-CB53FCF83350}"
EndProject
Global
	GlobalSection(SolutionConfigurationPlatforms) = preSolution
		Debug|Any CPU = Debug|Any CPU
		Release|Any CPU = Release|Any CPU
	EndGlobalSection
	GlobalSection(ProjectConfigurationPlatforms) = postSolution
		{8F948C25-0A3B-494C-BCB3-FAE9C3D9FCCA}.Debug|Any CPU.ActiveCfg = Debug|Any CPU
		{8F948C25-0A3B-494C-BCB3-FAE9C3D9FCCA}.Debug|Any CPU.Build.0 = Debug|Any CPU
		{8F948C25-0A3B-494C-BCB3-FAE9C3D9FCCA}.Release|Any CPU.ActiveCfg = Release|Any CPU
		{8F948C25-0A3B-494C-BCB3-FAE9C3D9FCCA}.Release|Any CPU.Build.0 = Release|Any CPU
		{39CE3A07-AB52-4279-BA66-6D3218CFAED2}.Debug|Any CPU.ActiveCfg = Debug|Any CPU
		{39CE3A07-AB52-4279-BA66-6D3218CFAED2}.Debug|Any CPU.Build.0 = Debug|Any CPU
		{39CE3A07-AB52-4279-BA66-6D3218CFAED2}.Release|Any CPU.ActiveCfg = Release|Any CPU
		{39CE3A07-AB52-4279-BA66-6D3218CFAED2}.Release|Any CPU.Build.0 = Release|Any CPU
		{EFD2325E-F833-4D76-B02E-8A59C8BD140A}.Debug|Any CPU.ActiveCfg = Debug|Any CPU
		{EFD2325E-F833-4D76-B02E-8A59C8BD140A}.Debug|Any CPU.Build.0 = Debug|Any CPU
		{EFD2325E-F833-4D76-B02E-8A59C8BD140A}.Release|Any CPU.ActiveCfg = Release|Any CPU
		{EFD2325E-F833-4D76-B02E-8A59C8BD140A}.Release|Any CPU.Build.0 = Release|Any CPU
		{206FECB3-A96B-4530-9E37-E3F5553AE336}.Debug|Any CPU.ActiveCfg = Debug|Any CPU
		{206FECB3-A96B-4530-9E37-E3F5553AE336}.Debug|Any CPU.Build.0 = Debug|Any CPU
		{206FECB3-A96B-4530-9E37-E3F5553AE336}.Release|Any CPU.ActiveCfg = Release|Any CPU
		{206FECB3-A96B-4530-9E37-E3F5553AE336}.Release|Any CPU.Build.0 = Release|Any CPU
		{FC02338C-42C0-4AB9-AE58-C395C2E27891}.Debug|Any CPU.ActiveCfg = Debug|Any CPU
		{FC02338C-42C0-4AB9-AE58-C395C2E27891}.Debug|Any CPU.Build.0 = Debug|Any CPU
		{FC02338C-42C0-4AB9-AE58-C395C2E27891}.Release|Any CPU.ActiveCfg = Release|Any CPU
		{FC02338C-42C0-4AB9-AE58-C395C2E27891}.Release|Any CPU.Build.0 = Release|Any CPU
		{16602C59-C6D7-42E2-995E-D605B83F73DD}.Debug|Any CPU.ActiveCfg = Debug|Any CPU
		{16602C59-C6D7-42E2-995E-D605B83F73DD}.Debug|Any CPU.Build.0 = Debug|Any CPU
		{16602C59-C6D7-42E2-995E-D605B83F73DD}.Release|Any CPU.ActiveCfg = Release|Any CPU
		{16602C59-C6D7-42E2-995E-D605B83F73DD}.Release|Any CPU.Build.0 = Release|Any CPU
		{BC6A7037-B2BA-4DE3-AF1A-8FA43FFAD2F3}.Debug|Any CPU.ActiveCfg = Debug|Any CPU
		{BC6A7037-B2BA-4DE3-AF1A-8FA43FFAD2F3}.Debug|Any CPU.Build.0 = Debug|Any CPU
		{BC6A7037-B2BA-4DE3-AF1A-8FA43FFAD2F3}.Release|Any CPU.ActiveCfg = Release|Any CPU
		{BC6A7037-B2BA-4DE3-AF1A-8FA43FFAD2F3}.Release|Any CPU.Build.0 = Release|Any CPU
		{9F780402-C130-42DF-9BEC-3312D917061E}.Debug|Any CPU.ActiveCfg = Debug|Any CPU
		{9F780402-C130-42DF-9BEC-3312D917061E}.Debug|Any CPU.Build.0 = Debug|Any CPU
		{9F780402-C130-42DF-9BEC-3312D917061E}.Release|Any CPU.ActiveCfg = Release|Any CPU
		{9F780402-C130-42DF-9BEC-3312D917061E}.Release|Any CPU.Build.0 = Release|Any CPU
		{661F4F78-6728-4EBE-93D4-CB53FCF83350}.Debug|Any CPU.ActiveCfg = Debug|Any CPU
		{661F4F78-6728-4EBE-93D4-CB53FCF83350}.Debug|Any CPU.Build.0 = Debug|Any CPU
		{661F4F78-6728-4EBE-93D4-CB53FCF83350}.Release|Any CPU.ActiveCfg = Release|Any CPU
		{661F4F78-6728-4EBE-93D4-CB53FCF83350}.Release|Any CPU.Build.0 = Release|Any CPU
	EndGlobalSection
	GlobalSection(SolutionProperties) = preSolution
		HideSolutionNode = FALSE
	EndGlobalSection
	GlobalSection(NestedProjects) = preSolution
		{8F948C25-0A3B-494C-BCB3-FAE9C3D9FCCA} = {E50F21F4-2725-4A96-BFC8-39C47F8CFC05}
		{39CE3A07-AB52-4279-BA66-6D3218CFAED2} = {E50F21F4-2725-4A96-BFC8-39C47F8CFC05}
		{EFD2325E-F833-4D76-B02E-8A59C8BD140A} = {E50F21F4-2725-4A96-BFC8-39C47F8CFC05}
		{206FECB3-A96B-4530-9E37-E3F5553AE336} = {E50F21F4-2725-4A96-BFC8-39C47F8CFC05}
		{FC02338C-42C0-4AB9-AE58-C395C2E27891} = {E50F21F4-2725-4A96-BFC8-39C47F8CFC05}
		{16602C59-C6D7-42E2-995E-D605B83F73DD} = {152BD570-2CFB-49F2-B7A8-8B70E867D632}
	EndGlobalSection
	GlobalSection(ExtensibilityGlobals) = postSolution
		SolutionGuid = {6FCE05FA-B29B-4005-9E5F-C379D6B910CB}
	EndGlobalSection
EndGlobal
