
Microsoft Visual Studio Solution File, Format Version 12.00
# Visual Studio Version 17
VisualStudioVersion = 17.4.33205.214
MinimumVisualStudioVersion = 10.0.40219.1
Project("{2150E333-8FDC-42A3-9474-1A3956D46DE8}") = "Core", "Core", "{29C76585-8DAB-40E0-8E33-6C6312F84AAE}"
EndProject
Project("{FAE04EC0-301F-11D3-BF4B-00C04F79EFBC}") = "PainKiller.PowerCommands.ReadLine", "Babar\Core\PainKiller.PowerCommands.ReadLine\PainKiller.PowerCommands.ReadLine.csproj", "{5AAF0186-BEEA-4ACC-BA8B-02AA85991E1C}"
EndProject
Project("{FAE04EC0-301F-11D3-BF4B-00C04F79EFBC}") = "PainKiller.PowerCommands.Configuration", "Babar\Core\PainKiller.PowerCommands.Configuration\PainKiller.PowerCommands.Configuration.csproj", "{3191E8D7-414D-450E-952C-CDF4FC47CD77}"
EndProject
Project("{FAE04EC0-301F-11D3-BF4B-00C04F79EFBC}") = "PainKiller.PowerCommands.Core", "Babar\Core\PainKiller.PowerCommands.Core\PainKiller.PowerCommands.Core.csproj", "{69E32708-7278-439C-8E1F-D1AF656D8BE8}"
EndProject
Project("{FAE04EC0-301F-11D3-BF4B-00C04F79EFBC}") = "PainKiller.PowerCommands.Security", "Babar\Core\PainKiller.PowerCommands.Security\PainKiller.PowerCommands.Security.csproj", "{B7327688-02B7-4925-BD7A-3BECEC1AEF9D}"
EndProject
Project("{FAE04EC0-301F-11D3-BF4B-00C04F79EFBC}") = "PainKiller.PowerCommands.Shared", "Babar\Core\PainKiller.PowerCommands.Shared\PainKiller.PowerCommands.Shared.csproj", "{468E006D-607B-4B5C-AD1D-1B7B72891478}"
EndProject
Project("{2150E333-8FDC-42A3-9474-1A3956D46DE8}") = "Third party components", "Third party components", "{30709410-0A50-422F-8ECF-B58E3B675BE2}"
EndProject
Project("{FAE04EC0-301F-11D3-BF4B-00C04F79EFBC}") = "PainKiller.SerilogExtensions", "Babar\Third party components\PainKiller.SerilogExtensions\PainKiller.SerilogExtensions.csproj", "{6F66D55A-D10A-4466-BC2C-15230FBC87D2}"
EndProject
Project("{FAE04EC0-301F-11D3-BF4B-00C04F79EFBC}") = "PainKiller.PowerCommands.Bootstrap", "Babar\PainKiller.PowerCommands.Bootstrap\PainKiller.PowerCommands.Bootstrap.csproj", "{6B9471E4-20C2-4DDD-A9E8-1CE84964BF6B}"
EndProject
Project("{FAE04EC0-301F-11D3-BF4B-00C04F79EFBC}") = "PainKiller.PowerCommands.BabarCommands", "Babar\PainKiller.PowerCommands.BabarCommands\PainKiller.PowerCommands.BabarCommands.csproj", "{F38A5546-2707-4BC4-8FE1-6D283024A7D1}"
EndProject
Project("{FAE04EC0-301F-11D3-BF4B-00C04F79EFBC}") = "PainKiller.PowerCommands.PowerCommandsConsole", "Babar\PainKiller.PowerCommands.PowerCommandsConsole\PainKiller.PowerCommands.PowerCommandsConsole.csproj", "{3D813B57-93A1-45E0-9261-88637D5B36AB}"
EndProject
Global
	GlobalSection(SolutionConfigurationPlatforms) = preSolution
		Debug|Any CPU = Debug|Any CPU
		Release|Any CPU = Release|Any CPU
	EndGlobalSection
	GlobalSection(ProjectConfigurationPlatforms) = postSolution
		{5AAF0186-BEEA-4ACC-BA8B-02AA85991E1C}.Debug|Any CPU.ActiveCfg = Debug|Any CPU
		{5AAF0186-BEEA-4ACC-BA8B-02AA85991E1C}.Debug|Any CPU.Build.0 = Debug|Any CPU
		{5AAF0186-BEEA-4ACC-BA8B-02AA85991E1C}.Release|Any CPU.ActiveCfg = Release|Any CPU
		{5AAF0186-BEEA-4ACC-BA8B-02AA85991E1C}.Release|Any CPU.Build.0 = Release|Any CPU
		{3191E8D7-414D-450E-952C-CDF4FC47CD77}.Debug|Any CPU.ActiveCfg = Debug|Any CPU
		{3191E8D7-414D-450E-952C-CDF4FC47CD77}.Debug|Any CPU.Build.0 = Debug|Any CPU
		{3191E8D7-414D-450E-952C-CDF4FC47CD77}.Release|Any CPU.ActiveCfg = Release|Any CPU
		{3191E8D7-414D-450E-952C-CDF4FC47CD77}.Release|Any CPU.Build.0 = Release|Any CPU
		{69E32708-7278-439C-8E1F-D1AF656D8BE8}.Debug|Any CPU.ActiveCfg = Debug|Any CPU
		{69E32708-7278-439C-8E1F-D1AF656D8BE8}.Debug|Any CPU.Build.0 = Debug|Any CPU
		{69E32708-7278-439C-8E1F-D1AF656D8BE8}.Release|Any CPU.ActiveCfg = Release|Any CPU
		{69E32708-7278-439C-8E1F-D1AF656D8BE8}.Release|Any CPU.Build.0 = Release|Any CPU
		{B7327688-02B7-4925-BD7A-3BECEC1AEF9D}.Debug|Any CPU.ActiveCfg = Debug|Any CPU
		{B7327688-02B7-4925-BD7A-3BECEC1AEF9D}.Debug|Any CPU.Build.0 = Debug|Any CPU
		{B7327688-02B7-4925-BD7A-3BECEC1AEF9D}.Release|Any CPU.ActiveCfg = Release|Any CPU
		{B7327688-02B7-4925-BD7A-3BECEC1AEF9D}.Release|Any CPU.Build.0 = Release|Any CPU
		{468E006D-607B-4B5C-AD1D-1B7B72891478}.Debug|Any CPU.ActiveCfg = Debug|Any CPU
		{468E006D-607B-4B5C-AD1D-1B7B72891478}.Debug|Any CPU.Build.0 = Debug|Any CPU
		{468E006D-607B-4B5C-AD1D-1B7B72891478}.Release|Any CPU.ActiveCfg = Release|Any CPU
		{468E006D-607B-4B5C-AD1D-1B7B72891478}.Release|Any CPU.Build.0 = Release|Any CPU
		{6F66D55A-D10A-4466-BC2C-15230FBC87D2}.Debug|Any CPU.ActiveCfg = Debug|Any CPU
		{6F66D55A-D10A-4466-BC2C-15230FBC87D2}.Debug|Any CPU.Build.0 = Debug|Any CPU
		{6F66D55A-D10A-4466-BC2C-15230FBC87D2}.Release|Any CPU.ActiveCfg = Release|Any CPU
		{6F66D55A-D10A-4466-BC2C-15230FBC87D2}.Release|Any CPU.Build.0 = Release|Any CPU
		{6B9471E4-20C2-4DDD-A9E8-1CE84964BF6B}.Debug|Any CPU.ActiveCfg = Debug|Any CPU
		{6B9471E4-20C2-4DDD-A9E8-1CE84964BF6B}.Debug|Any CPU.Build.0 = Debug|Any CPU
		{6B9471E4-20C2-4DDD-A9E8-1CE84964BF6B}.Release|Any CPU.ActiveCfg = Release|Any CPU
		{6B9471E4-20C2-4DDD-A9E8-1CE84964BF6B}.Release|Any CPU.Build.0 = Release|Any CPU
		{F38A5546-2707-4BC4-8FE1-6D283024A7D1}.Debug|Any CPU.ActiveCfg = Debug|Any CPU
		{F38A5546-2707-4BC4-8FE1-6D283024A7D1}.Debug|Any CPU.Build.0 = Debug|Any CPU
		{F38A5546-2707-4BC4-8FE1-6D283024A7D1}.Release|Any CPU.ActiveCfg = Release|Any CPU
		{F38A5546-2707-4BC4-8FE1-6D283024A7D1}.Release|Any CPU.Build.0 = Release|Any CPU
		{3D813B57-93A1-45E0-9261-88637D5B36AB}.Debug|Any CPU.ActiveCfg = Debug|Any CPU
		{3D813B57-93A1-45E0-9261-88637D5B36AB}.Debug|Any CPU.Build.0 = Debug|Any CPU
		{3D813B57-93A1-45E0-9261-88637D5B36AB}.Release|Any CPU.ActiveCfg = Release|Any CPU
		{3D813B57-93A1-45E0-9261-88637D5B36AB}.Release|Any CPU.Build.0 = Release|Any CPU
	EndGlobalSection
	GlobalSection(SolutionProperties) = preSolution
		HideSolutionNode = FALSE
	EndGlobalSection
	GlobalSection(NestedProjects) = preSolution
		{5AAF0186-BEEA-4ACC-BA8B-02AA85991E1C} = {29C76585-8DAB-40E0-8E33-6C6312F84AAE}
		{3191E8D7-414D-450E-952C-CDF4FC47CD77} = {29C76585-8DAB-40E0-8E33-6C6312F84AAE}
		{69E32708-7278-439C-8E1F-D1AF656D8BE8} = {29C76585-8DAB-40E0-8E33-6C6312F84AAE}
		{B7327688-02B7-4925-BD7A-3BECEC1AEF9D} = {29C76585-8DAB-40E0-8E33-6C6312F84AAE}
		{468E006D-607B-4B5C-AD1D-1B7B72891478} = {29C76585-8DAB-40E0-8E33-6C6312F84AAE}
		{6F66D55A-D10A-4466-BC2C-15230FBC87D2} = {30709410-0A50-422F-8ECF-B58E3B675BE2}
	EndGlobalSection
	GlobalSection(ExtensibilityGlobals) = postSolution
		SolutionGuid = {CD05864C-79AB-480D-82A0-FA8B21D22358}
	EndGlobalSection
EndGlobal
